
Microsoft Visual Studio Solution File, Format Version 12.00
# Visual Studio Version 17
VisualStudioVersion = 17.6.33723.286
MinimumVisualStudioVersion = 10.0.40219.1
Project("{FAE04EC0-301F-11D3-BF4B-00C04F79EFBC}") = "Final Project", "Final Project\Final Project.csproj", "{9AB7B0C4-C593-440E-A71C-D0DB273612EA}"
EndProject
Global
	GlobalSection(SolutionConfigurationPlatforms) = preSolution
		Debug|Any CPU = Debug|Any CPU
		Release|Any CPU = Release|Any CPU
	EndGlobalSection
	GlobalSection(ProjectConfigurationPlatforms) = postSolution
		{9AB7B0C4-C593-440E-A71C-D0DB273612EA}.Debug|Any CPU.ActiveCfg = Debug|Any CPU
		{9AB7B0C4-C593-440E-A71C-D0DB273612EA}.Debug|Any CPU.Build.0 = Debug|Any CPU
		{9AB7B0C4-C593-440E-A71C-D0DB273612EA}.Release|Any CPU.ActiveCfg = Release|Any CPU
		{9AB7B0C4-C593-440E-A71C-D0DB273612EA}.Release|Any CPU.Build.0 = Release|Any CPU
	EndGlobalSection
	GlobalSection(SolutionProperties) = preSolution
		HideSolutionNode = FALSE
	EndGlobalSection
	GlobalSection(ExtensibilityGlobals) = postSolution
		SolutionGuid = {F43071C5-5D38-4E62-90F2-3461BA6141C6}
	EndGlobalSection
EndGlobal
